
Microsoft Visual Studio Solution File, Format Version 12.00
# Visual Studio 2012
Project("{FAE04EC0-301F-11D3-BF4B-00C04F79EFBC}") = "DialectSoftware.Semantics.WordReader", "DialectSoftware.Semantics.WordReader\DialectSoftware.Semantics.WordReader.csproj", "{1FD7385C-BDC4-4DA3-9253-1D3FD5D107EB}"
EndProject
Global
	GlobalSection(SolutionConfigurationPlatforms) = preSolution
		Debug|Any CPU = Debug|Any CPU
		Release|Any CPU = Release|Any CPU
	EndGlobalSection
	GlobalSection(ProjectConfigurationPlatforms) = postSolution
		{1FD7385C-BDC4-4DA3-9253-1D3FD5D107EB}.Debug|Any CPU.ActiveCfg = Debug|Any CPU
		{1FD7385C-BDC4-4DA3-9253-1D3FD5D107EB}.Debug|Any CPU.Build.0 = Debug|Any CPU
		{1FD7385C-BDC4-4DA3-9253-1D3FD5D107EB}.Release|Any CPU.ActiveCfg = Release|Any CPU
		{1FD7385C-BDC4-4DA3-9253-1D3FD5D107EB}.Release|Any CPU.Build.0 = Release|Any CPU
	EndGlobalSection
	GlobalSection(SolutionProperties) = preSolution
		HideSolutionNode = FALSE
	EndGlobalSection
EndGlobal
